
Microsoft Visual Studio Solution File, Format Version 11.00
# Visual C++ Express 2010
Project("{8BC9CEB8-8B4A-11D0-8D11-00A0C91BC942}") = "Sprite Editor", "Sprite Editor\Sprite Editor.vcxproj", "{D4876506-C45F-4F32-AE9A-331EEF714D21}"
EndProject
Global
	GlobalSection(SolutionConfigurationPlatforms) = preSolution
		Debug|Win32 = Debug|Win32
		Release|Win32 = Release|Win32
	EndGlobalSection
	GlobalSection(ProjectConfigurationPlatforms) = postSolution
		{D4876506-C45F-4F32-AE9A-331EEF714D21}.Debug|Win32.ActiveCfg = Debug|Win32
		{D4876506-C45F-4F32-AE9A-331EEF714D21}.Debug|Win32.Build.0 = Debug|Win32
		{D4876506-C45F-4F32-AE9A-331EEF714D21}.Release|Win32.ActiveCfg = Release|Win32
		{D4876506-C45F-4F32-AE9A-331EEF714D21}.Release|Win32.Build.0 = Release|Win32
	EndGlobalSection
	GlobalSection(SolutionProperties) = preSolution
		HideSolutionNode = FALSE
	EndGlobalSection
EndGlobal
